{
    "_readme": [
        "This file locks the dependencies of your project to a known state",
        "Read more about it at https://getcomposer.org/doc/01-basic-usage.md#composer-lock-the-lock-file",
        "This file is @generated automatically"
    ],
    "content-hash": "72f5c66d52136ff352686a06b12c7d61",
    "packages": [
        {
            "name": "midgard/midgardmvc-helper-urlize",
            "version": "1.1.1",
            "source": {
                "type": "git",
                "url": "https://github.com/bergie/midgardmvc_helper_urlize.git",
                "reference": "e86c9fb50f550e61dc133115dc28218b6e89f40b"
            },
            "dist": {
                "type": "zip",
                "url": "https://api.github.com/repos/bergie/midgardmvc_helper_urlize/zipball/e86c9fb50f550e61dc133115dc28218b6e89f40b",
                "reference": "e86c9fb50f550e61dc133115dc28218b6e89f40b",
                "shasum": ""
            },
            "require": {
                "php": ">=5.2.0"
            },
            "type": "library",
            "autoload": {
                "classmap": [
                    "."
                ]
            },
            "notification-url": "https://packagist.org/downloads/",
            "license": [
                "LGPL"
            ],
            "authors": [
                {
                    "name": "Henri Bergius",
                    "email": "henri.bergius@iki.fi",
                    "homepage": "http://bergie.iki.fi/"
                }
            ],
            "description": "URL-safe text converter",
            "keywords": [
                "url"
            ],
            "time": "2013-01-07T10:56:18+00:00"
        }
    ],
    "packages-dev": [],
    "aliases": [],
    "minimum-stability": "stable",
    "stability-flags": [],
    "prefer-stable": false,
    "prefer-lowest": false,
    "platform": {
        "php": ">=5.2.0"
    },
    "platform-dev": []
}
